
Microsoft Visual Studio Solution File, Format Version 12.00
# Visual Studio Version 17
VisualStudioVersion = 17.5.33530.505
MinimumVisualStudioVersion = 10.0.40219.1
Project("{FAE04EC0-301F-11D3-BF4B-00C04F79EFBC}") = "2212343_DLGBao_Lab7_TinhKeThua", "2212343_DLGBao_Lab7_TinhKeThua.csproj", "{C400FE65-794E-41F3-A76F-E4FF83A2827B}"
EndProject
Global
	GlobalSection(SolutionConfigurationPlatforms) = preSolution
		Debug|Any CPU = Debug|Any CPU
		Release|Any CPU = Release|Any CPU
	EndGlobalSection
	GlobalSection(ProjectConfigurationPlatforms) = postSolution
		{C400FE65-794E-41F3-A76F-E4FF83A2827B}.Debug|Any CPU.ActiveCfg = Debug|Any CPU
		{C400FE65-794E-41F3-A76F-E4FF83A2827B}.Debug|Any CPU.Build.0 = Debug|Any CPU
		{C400FE65-794E-41F3-A76F-E4FF83A2827B}.Release|Any CPU.ActiveCfg = Release|Any CPU
		{C400FE65-794E-41F3-A76F-E4FF83A2827B}.Release|Any CPU.Build.0 = Release|Any CPU
	EndGlobalSection
	GlobalSection(SolutionProperties) = preSolution
		HideSolutionNode = FALSE
	EndGlobalSection
	GlobalSection(ExtensibilityGlobals) = postSolution
		SolutionGuid = {52F28122-4D68-4E20-AD43-77FFF3E1BFFC}
	EndGlobalSection
EndGlobal
